{
  "requires": true,
  "lockfileVersion": 1,
  "dependencies": {
    "collections": {
      "version": "0.2.2",
      "resolved": "https://registry.npmjs.org/collections/-/collections-0.2.2.tgz",
      "integrity": "sha1-HyMCay7zb5J+7MkB6ZxfDUj6M04=",
      "requires": {
        "weak-map": "1.0.0"
      }
    },
    "es6-promise": {
      "version": "4.1.1",
      "resolved": "https://registry.npmjs.org/es6-promise/-/es6-promise-4.1.1.tgz",
      "integrity": "sha512-OaU1hHjgJf+b0NzsxCg7NdIYERD6Hy/PEmFLTjw+b65scuisG3Kt4QoTvJ66BBkPZ581gr0kpoVzKnxniM8nng=="
    },
    "mime": {
      "version": "1.4.1",
      "resolved": "https://registry.npmjs.org/mime/-/mime-1.4.1.tgz",
      "integrity": "sha512-KI1+qOZu5DcW6wayYHSzR/tXKCDC5Om4s1z2QJjDULzLcmf3DvzS7oluY4HCTrc+9FiKmWUgeNLg7W3uIQvxtQ=="
    },
    "mimeparse": {
      "version": "0.1.4",
      "resolved": "https://registry.npmjs.org/mimeparse/-/mimeparse-0.1.4.tgz",
      "integrity": "sha1-2vsCdSNw/SJgk64xUsJxrwGsJUo="
    },
    "q": {
      "version": "1.5.0",
      "resolved": "https://registry.npmjs.org/q/-/q-1.5.0.tgz",
      "integrity": "sha1-3QG6ydBtMObyGa7LglPunr3DCPE="
    },
    "q-io": {
      "version": "1.13.4",
      "resolved": "https://registry.npmjs.org/q-io/-/q-io-1.13.4.tgz",
      "integrity": "sha1-qWoKBOomraP3+kMut0LUhscs/y0=",
      "requires": {
        "collections": "0.2.2",
        "mime": "1.4.1",
        "mimeparse": "0.1.4",
        "q": "1.5.0",
        "qs": "6.5.1",
        "url2": "0.0.0"
      }
    },
    "qs": {
      "version": "6.5.1",
      "resolved": "https://registry.npmjs.org/qs/-/qs-6.5.1.tgz",
      "integrity": "sha512-eRzhrN1WSINYCDCbrz796z37LOe3m5tmW7RQf6oBntukAG1nmovJvhnwHHRMAfeoItc1m2Hk02WER2aQ/iqs+A=="
    },
    "url2": {
      "version": "0.0.0",
      "resolved": "https://registry.npmjs.org/url2/-/url2-0.0.0.tgz",
      "integrity": "sha1-Tqq9HVw6yQ1iq0SFyZhCKGWgSxo="
    },
    "weak-map": {
      "version": "1.0.0",
      "resolved": "https://registry.npmjs.org/weak-map/-/weak-map-1.0.0.tgz",
      "integrity": "sha1-tm5Wqd8L0lp2u/G1FNsSkIBhSjc="
    }
  }
}
